
Microsoft Visual Studio Solution File, Format Version 12.00
# Visual Studio Version 17
VisualStudioVersion = 17.10.35004.147
MinimumVisualStudioVersion = 10.0.40219.1
Project("{9A19103F-16F7-4668-BE54-9A1E7A4F7556}") = "BabyBearsEngine", "BabyBearsEngine\BabyBearsEngine.csproj", "{8E5CC6CC-6875-48A8-8820-42A3274BEA29}"
EndProject
Project("{9A19103F-16F7-4668-BE54-9A1E7A4F7556}") = "BabyBearsEngine.Tests.System", "SystemTests\BabyBearsEngine.Tests.System.csproj", "{C25924D7-15B3-48E0-88F3-8398DEA50A5D}"
EndProject
Project("{FAE04EC0-301F-11D3-BF4B-00C04F79EFBC}") = "BabyBearsEngine.Tests.Unit", "UnitTests\BabyBearsEngine.Tests.Unit.csproj", "{E0F1E7DE-D082-4E49-9932-BDB84A497407}"
EndProject
Global
	GlobalSection(SolutionConfigurationPlatforms) = preSolution
		Debug|Any CPU = Debug|Any CPU
		Release|Any CPU = Release|Any CPU
	EndGlobalSection
	GlobalSection(ProjectConfigurationPlatforms) = postSolution
		{8E5CC6CC-6875-48A8-8820-42A3274BEA29}.Debug|Any CPU.ActiveCfg = Debug|Any CPU
		{8E5CC6CC-6875-48A8-8820-42A3274BEA29}.Debug|Any CPU.Build.0 = Debug|Any CPU
		{8E5CC6CC-6875-48A8-8820-42A3274BEA29}.Release|Any CPU.ActiveCfg = Release|Any CPU
		{8E5CC6CC-6875-48A8-8820-42A3274BEA29}.Release|Any CPU.Build.0 = Release|Any CPU
		{C25924D7-15B3-48E0-88F3-8398DEA50A5D}.Debug|Any CPU.ActiveCfg = Debug|Any CPU
		{C25924D7-15B3-48E0-88F3-8398DEA50A5D}.Debug|Any CPU.Build.0 = Debug|Any CPU
		{C25924D7-15B3-48E0-88F3-8398DEA50A5D}.Release|Any CPU.ActiveCfg = Release|Any CPU
		{C25924D7-15B3-48E0-88F3-8398DEA50A5D}.Release|Any CPU.Build.0 = Release|Any CPU
		{E0F1E7DE-D082-4E49-9932-BDB84A497407}.Debug|Any CPU.ActiveCfg = Debug|Any CPU
		{E0F1E7DE-D082-4E49-9932-BDB84A497407}.Debug|Any CPU.Build.0 = Debug|Any CPU
		{E0F1E7DE-D082-4E49-9932-BDB84A497407}.Release|Any CPU.ActiveCfg = Release|Any CPU
		{E0F1E7DE-D082-4E49-9932-BDB84A497407}.Release|Any CPU.Build.0 = Release|Any CPU
	EndGlobalSection
	GlobalSection(SolutionProperties) = preSolution
		HideSolutionNode = FALSE
	EndGlobalSection
	GlobalSection(ExtensibilityGlobals) = postSolution
		SolutionGuid = {E4A6FD45-C7F1-4A6D-82AD-14F8D3BDBB8F}
	EndGlobalSection
EndGlobal
